// !$*UTF8*$!
{
	archiveVersion = 1;
	classes = {
	};
	objectVersion = 46;
	objects = {

/* Begin PBXBuildFile section */
		3E057E0F1DB4358700693970 /* CPMainViewController.swift in Sources */ = {isa = PBXBuildFile; fileRef = 3E057E0E1DB4358700693970 /* CPMainViewController.swift */; };
		3E057E111DB4358700693970 /* Assets.xcassets in Resources */ = {isa = PBXBuildFile; fileRef = 3E057E101DB4358700693970 /* Assets.xcassets */; };
		3E057E141DB4358700693970 /* Main.storyboard in Resources */ = {isa = PBXBuildFile; fileRef = 3E057E121DB4358700693970 /* Main.storyboard */; };
		3E057E1F1DB4358700693970 /* Memrise_ToolTests.swift in Sources */ = {isa = PBXBuildFile; fileRef = 3E057E1E1DB4358700693970 /* Memrise_ToolTests.swift */; };
		3E057E2A1DB4358700693970 /* Memrise_ToolUITests.swift in Sources */ = {isa = PBXBuildFile; fileRef = 3E057E291DB4358700693970 /* Memrise_ToolUITests.swift */; };
		3E057E381DB4372700693970 /* WebView.swift in Sources */ = {isa = PBXBuildFile; fileRef = 3E057E371DB4372700693970 /* WebView.swift */; };
		3E2643881F20284C00E94EB6 /* Globals.swift in Sources */ = {isa = PBXBuildFile; fileRef = 3E2643871F20284C00E94EB6 /* Globals.swift */; };
		3E26438A1F202A6D00E94EB6 /* AppDelegate.swift in Sources */ = {isa = PBXBuildFile; fileRef = 3E2643891F202A2500E94EB6 /* AppDelegate.swift */; };
		3EB5C62D1DBBC1FA005AF6D0 /* StringInterpolation.swift in Sources */ = {isa = PBXBuildFile; fileRef = 3EB5C62C1DBBC1FA005AF6D0 /* StringInterpolation.swift */; };
/* End PBXBuildFile section */

/* Begin PBXContainerItemProxy section */
		3E057E1B1DB4358700693970 /* PBXContainerItemProxy */ = {
			isa = PBXContainerItemProxy;
			containerPortal = 3E057E011DB4358700693970 /* Project object */;
			proxyType = 1;
			remoteGlobalIDString = 3E057E081DB4358700693970;
			remoteInfo = "Memrise-Tool";
		};
		3E057E261DB4358700693970 /* PBXContainerItemProxy */ = {
			isa = PBXContainerItemProxy;
			containerPortal = 3E057E011DB4358700693970 /* Project object */;
			proxyType = 1;
			remoteGlobalIDString = 3E057E081DB4358700693970;
			remoteInfo = "Memrise-Tool";
		};
/* End PBXContainerItemProxy section */

/* Begin PBXFileReference section */
		3E057E091DB4358700693970 /* Memrise-Tool.app */ = {isa = PBXFileReference; explicitFileType = wrapper.application; includeInIndex = 0; path = "Memrise-Tool.app"; sourceTree = BUILT_PRODUCTS_DIR; };
		3E057E0E1DB4358700693970 /* CPMainViewController.swift */ = {isa = PBXFileReference; lastKnownFileType = sourcecode.swift; path = CPMainViewController.swift; sourceTree = "<group>"; };
		3E057E101DB4358700693970 /* Assets.xcassets */ = {isa = PBXFileReference; lastKnownFileType = folder.assetcatalog; path = Assets.xcassets; sourceTree = "<group>"; };
		3E057E131DB4358700693970 /* Base */ = {isa = PBXFileReference; lastKnownFileType = file.storyboard; name = Base; path = Base.lproj/Main.storyboard; sourceTree = "<group>"; };
		3E057E151DB4358700693970 /* Info.plist */ = {isa = PBXFileReference; lastKnownFileType = text.plist.xml; path = Info.plist; sourceTree = "<group>"; };
		3E057E1A1DB4358700693970 /* Memrise-ToolTests.xctest */ = {isa = PBXFileReference; explicitFileType = wrapper.cfbundle; includeInIndex = 0; path = "Memrise-ToolTests.xctest"; sourceTree = BUILT_PRODUCTS_DIR; };
		3E057E1E1DB4358700693970 /* Memrise_ToolTests.swift */ = {isa = PBXFileReference; lastKnownFileType = sourcecode.swift; path = Memrise_ToolTests.swift; sourceTree = "<group>"; };
		3E057E201DB4358700693970 /* Info.plist */ = {isa = PBXFileReference; lastKnownFileType = text.plist.xml; path = Info.plist; sourceTree = "<group>"; };
		3E057E251DB4358700693970 /* Memrise-ToolUITests.xctest */ = {isa = PBXFileReference; explicitFileType = wrapper.cfbundle; includeInIndex = 0; path = "Memrise-ToolUITests.xctest"; sourceTree = BUILT_PRODUCTS_DIR; };
		3E057E291DB4358700693970 /* Memrise_ToolUITests.swift */ = {isa = PBXFileReference; lastKnownFileType = sourcecode.swift; path = Memrise_ToolUITests.swift; sourceTree = "<group>"; };
		3E057E2B1DB4358700693970 /* Info.plist */ = {isa = PBXFileReference; lastKnownFileType = text.plist.xml; path = Info.plist; sourceTree = "<group>"; };
		3E057E371DB4372700693970 /* WebView.swift */ = {isa = PBXFileReference; fileEncoding = 4; lastKnownFileType = sourcecode.swift; path = WebView.swift; sourceTree = "<group>"; };
		3E2643871F20284C00E94EB6 /* Globals.swift */ = {isa = PBXFileReference; lastKnownFileType = sourcecode.swift; path = Globals.swift; sourceTree = "<group>"; };
		3E2643891F202A2500E94EB6 /* AppDelegate.swift */ = {isa = PBXFileReference; lastKnownFileType = sourcecode.swift; path = AppDelegate.swift; sourceTree = "<group>"; };
		3EB5C62C1DBBC1FA005AF6D0 /* StringInterpolation.swift */ = {isa = PBXFileReference; fileEncoding = 4; lastKnownFileType = sourcecode.swift; path = StringInterpolation.swift; sourceTree = "<group>"; };
/* End PBXFileReference section */

/* Begin PBXFrameworksBuildPhase section */
		3E057E061DB4358700693970 /* Frameworks */ = {
			isa = PBXFrameworksBuildPhase;
			buildActionMask = 2147483647;
			files = (
			);
			runOnlyForDeploymentPostprocessing = 0;
		};
		3E057E171DB4358700693970 /* Frameworks */ = {
			isa = PBXFrameworksBuildPhase;
			buildActionMask = 2147483647;
			files = (
			);
			runOnlyForDeploymentPostprocessing = 0;
		};
		3E057E221DB4358700693970 /* Frameworks */ = {
			isa = PBXFrameworksBuildPhase;
			buildActionMask = 2147483647;
			files = (
			);
			runOnlyForDeploymentPostprocessing = 0;
		};
/* End PBXFrameworksBuildPhase section */

/* Begin PBXGroup section */
		3E057E001DB4358700693970 = {
			isa = PBXGroup;
			children = (
				3E057E0B1DB4358700693970 /* Memrise-Tool */,
				3E057E1D1DB4358700693970 /* Memrise-ToolTests */,
				3E057E281DB4358700693970 /* Memrise-ToolUITests */,
				3E057E0A1DB4358700693970 /* Products */,
			);
			sourceTree = "<group>";
		};
		3E057E0A1DB4358700693970 /* Products */ = {
			isa = PBXGroup;
			children = (
				3E057E091DB4358700693970 /* Memrise-Tool.app */,
				3E057E1A1DB4358700693970 /* Memrise-ToolTests.xctest */,
				3E057E251DB4358700693970 /* Memrise-ToolUITests.xctest */,
			);
			name = Products;
			sourceTree = "<group>";
		};
		3E057E0B1DB4358700693970 /* Memrise-Tool */ = {
			isa = PBXGroup;
			children = (
				3E2643891F202A2500E94EB6 /* AppDelegate.swift */,
				3E057E0E1DB4358700693970 /* CPMainViewController.swift */,
				3E057E371DB4372700693970 /* WebView.swift */,
				3EB5C62C1DBBC1FA005AF6D0 /* StringInterpolation.swift */,
				3E2643871F20284C00E94EB6 /* Globals.swift */,
				3E057E101DB4358700693970 /* Assets.xcassets */,
				3E057E121DB4358700693970 /* Main.storyboard */,
				3E057E151DB4358700693970 /* Info.plist */,
			);
			path = "Memrise-Tool";
			sourceTree = "<group>";
		};
		3E057E1D1DB4358700693970 /* Memrise-ToolTests */ = {
			isa = PBXGroup;
			children = (
				3E057E1E1DB4358700693970 /* Memrise_ToolTests.swift */,
				3E057E201DB4358700693970 /* Info.plist */,
			);
			path = "Memrise-ToolTests";
			sourceTree = "<group>";
		};
		3E057E281DB4358700693970 /* Memrise-ToolUITests */ = {
			isa = PBXGroup;
			children = (
				3E057E291DB4358700693970 /* Memrise_ToolUITests.swift */,
				3E057E2B1DB4358700693970 /* Info.plist */,
			);
			path = "Memrise-ToolUITests";
			sourceTree = "<group>";
		};
/* End PBXGroup section */

/* Begin PBXNativeTarget section */
		3E057E081DB4358700693970 /* Memrise-Tool */ = {
			isa = PBXNativeTarget;
			buildConfigurationList = 3E057E2E1DB4358700693970 /* Build configuration list for PBXNativeTarget "Memrise-Tool" */;
			buildPhases = (
				3E057E051DB4358700693970 /* Sources */,
				3E057E061DB4358700693970 /* Frameworks */,
				3E057E071DB4358700693970 /* Resources */,
			);
			buildRules = (
			);
			dependencies = (
			);
			name = "Memrise-Tool";
			productName = "Memrise-Tool";
			productReference = 3E057E091DB4358700693970 /* Memrise-Tool.app */;
			productType = "com.apple.product-type.application";
		};
		3E057E191DB4358700693970 /* Memrise-ToolTests */ = {
			isa = PBXNativeTarget;
			buildConfigurationList = 3E057E311DB4358700693970 /* Build configuration list for PBXNativeTarget "Memrise-ToolTests" */;
			buildPhases = (
				3E057E161DB4358700693970 /* Sources */,
				3E057E171DB4358700693970 /* Frameworks */,
				3E057E181DB4358700693970 /* Resources */,
			);
			buildRules = (
			);
			dependencies = (
				3E057E1C1DB4358700693970 /* PBXTargetDependency */,
			);
			name = "Memrise-ToolTests";
			productName = "Memrise-ToolTests";
			productReference = 3E057E1A1DB4358700693970 /* Memrise-ToolTests.xctest */;
			productType = "com.apple.product-type.bundle.unit-test";
		};
		3E057E241DB4358700693970 /* Memrise-ToolUITests */ = {
			isa = PBXNativeTarget;
			buildConfigurationList = 3E057E341DB4358700693970 /* Build configuration list for PBXNativeTarget "Memrise-ToolUITests" */;
			buildPhases = (
				3E057E211DB4358700693970 /* Sources */,
				3E057E221DB4358700693970 /* Frameworks */,
				3E057E231DB4358700693970 /* Resources */,
			);
			buildRules = (
			);
			dependencies = (
				3E057E271DB4358700693970 /* PBXTargetDependency */,
			);
			name = "Memrise-ToolUITests";
			productName = "Memrise-ToolUITests";
			productReference = 3E057E251DB4358700693970 /* Memrise-ToolUITests.xctest */;
			productType = "com.apple.product-type.bundle.ui-testing";
		};
/* End PBXNativeTarget section */

/* Begin PBXProject section */
		3E057E011DB4358700693970 /* Project object */ = {
			isa = PBXProject;
			attributes = {
				LastSwiftUpdateCheck = 0810;
				LastUpgradeCheck = 0900;
				ORGANIZATIONNAME = "Charlton Provatas";
				TargetAttributes = {
					3E057E081DB4358700693970 = {
						CreatedOnToolsVersion = 8.1;
						LastSwiftMigration = 0900;
						ProvisioningStyle = Automatic;
					};
					3E057E191DB4358700693970 = {
						CreatedOnToolsVersion = 8.1;
						LastSwiftMigration = 0900;
						ProvisioningStyle = Automatic;
						TestTargetID = 3E057E081DB4358700693970;
					};
					3E057E241DB4358700693970 = {
						CreatedOnToolsVersion = 8.1;
						LastSwiftMigration = 0900;
						ProvisioningStyle = Automatic;
						TestTargetID = 3E057E081DB4358700693970;
					};
				};
			};
			buildConfigurationList = 3E057E041DB4358700693970 /* Build configuration list for PBXProject "Memrise-Tool" */;
			compatibilityVersion = "Xcode 3.2";
			developmentRegion = English;
			hasScannedForEncodings = 0;
			knownRegions = (
				en,
				Base,
			);
			mainGroup = 3E057E001DB4358700693970;
			productRefGroup = 3E057E0A1DB4358700693970 /* Products */;
			projectDirPath = "";
			projectRoot = "";
			targets = (
				3E057E081DB4358700693970 /* Memrise-Tool */,
				3E057E191DB4358700693970 /* Memrise-ToolTests */,
				3E057E241DB4358700693970 /* Memrise-ToolUITests */,
			);
		};
/* End PBXProject section */

/* Begin PBXResourcesBuildPhase section */
		3E057E071DB4358700693970 /* Resources */ = {
			isa = PBXResourcesBuildPhase;
			buildActionMask = 2147483647;
			files = (
				3E057E111DB4358700693970 /* Assets.xcassets in Resources */,
				3E057E141DB4358700693970 /* Main.storyboard in Resources */,
			);
			runOnlyForDeploymentPostprocessing = 0;
		};
		3E057E181DB4358700693970 /* Resources */ = {
			isa = PBXResourcesBuildPhase;
			buildActionMask = 2147483647;
			files = (
			);
			runOnlyForDeploymentPostprocessing = 0;
		};
		3E057E231DB4358700693970 /* Resources */ = {
			isa = PBXResourcesBuildPhase;
			buildActionMask = 2147483647;
			files = (
			);
			runOnlyForDeploymentPostprocessing = 0;
		};
/* End PBXResourcesBuildPhase section */

/* Begin PBXSourcesBuildPhase section */
		3E057E051DB4358700693970 /* Sources */ = {
			isa = PBXSourcesBuildPhase;
			buildActionMask = 2147483647;
			files = (
				3E057E381DB4372700693970 /* WebView.swift in Sources */,
				3E057E0F1DB4358700693970 /* CPMainViewController.swift in Sources */,
				3E2643881F20284C00E94EB6 /* Globals.swift in Sources */,
				3E26438A1F202A6D00E94EB6 /* AppDelegate.swift in Sources */,
				3EB5C62D1DBBC1FA005AF6D0 /* StringInterpolation.swift in Sources */,
			);
			runOnlyForDeploymentPostprocessing = 0;
		};
		3E057E161DB4358700693970 /* Sources */ = {
			isa = PBXSourcesBuildPhase;
			buildActionMask = 2147483647;
			files = (
				3E057E1F1DB4358700693970 /* Memrise_ToolTests.swift in Sources */,
			);
			runOnlyForDeploymentPostprocessing = 0;
		};
		3E057E211DB4358700693970 /* Sources */ = {
			isa = PBXSourcesBuildPhase;
			buildActionMask = 2147483647;
			files = (
				3E057E2A1DB4358700693970 /* Memrise_ToolUITests.swift in Sources */,
			);
			runOnlyForDeploymentPostprocessing = 0;
		};
/* End PBXSourcesBuildPhase section */

/* Begin PBXTargetDependency section */
		3E057E1C1DB4358700693970 /* PBXTargetDependency */ = {
			isa = PBXTargetDependency;
			target = 3E057E081DB4358700693970 /* Memrise-Tool */;
			targetProxy = 3E057E1B1DB4358700693970 /* PBXContainerItemProxy */;
		};
		3E057E271DB4358700693970 /* PBXTargetDependency */ = {
			isa = PBXTargetDependency;
			target = 3E057E081DB4358700693970 /* Memrise-Tool */;
			targetProxy = 3E057E261DB4358700693970 /* PBXContainerItemProxy */;
		};
/* End PBXTargetDependency section */

/* Begin PBXVariantGroup section */
		3E057E121DB4358700693970 /* Main.storyboard */ = {
			isa = PBXVariantGroup;
			children = (
				3E057E131DB4358700693970 /* Base */,
			);
			name = Main.storyboard;
			sourceTree = "<group>";
		};
/* End PBXVariantGroup section */

/* Begin XCBuildConfiguration section */
		3E057E2C1DB4358700693970 /* Debug */ = {
			isa = XCBuildConfiguration;
			buildSettings = {
				ALWAYS_SEARCH_USER_PATHS = NO;
				CLANG_ANALYZER_NONNULL = YES;
				CLANG_CXX_LANGUAGE_STANDARD = "gnu++0x";
				CLANG_CXX_LIBRARY = "libc++";
				CLANG_ENABLE_MODULES = YES;
				CLANG_ENABLE_OBJC_ARC = YES;
				CLANG_WARN_BLOCK_CAPTURE_AUTORELEASING = YES;
				CLANG_WARN_BOOL_CONVERSION = YES;
				CLANG_WARN_COMMA = YES;
				CLANG_WARN_CONSTANT_CONVERSION = YES;
				CLANG_WARN_DIRECT_OBJC_ISA_USAGE = YES_ERROR;
				CLANG_WARN_DOCUMENTATION_COMMENTS = YES;
				CLANG_WARN_EMPTY_BODY = YES;
				CLANG_WARN_ENUM_CONVERSION = YES;
				CLANG_WARN_INFINITE_RECURSION = YES;
				CLANG_WARN_INT_CONVERSION = YES;
				CLANG_WARN_NON_LITERAL_NULL_CONVERSION = YES;
				CLANG_WARN_OBJC_LITERAL_CONVERSION = YES;
				CLANG_WARN_OBJC_ROOT_CLASS = YES_ERROR;
				CLANG_WARN_RANGE_LOOP_ANALYSIS = YES;
				CLANG_WARN_STRICT_PROTOTYPES = YES;
				CLANG_WARN_SUSPICIOUS_MOVE = YES;
				CLANG_WARN_SUSPICIOUS_MOVES = YES;
				CLANG_WARN_UNREACHABLE_CODE = YES;
				CLANG_WARN__DUPLICATE_METHOD_MATCH = YES;
				CODE_SIGN_IDENTITY = "-";
				COPY_PHASE_STRIP = NO;
				DEBUG_INFORMATION_FORMAT = dwarf;
				ENABLE_STRICT_OBJC_MSGSEND = YES;
				ENABLE_TESTABILITY = YES;
				GCC_C_LANGUAGE_STANDARD = gnu99;
				GCC_DYNAMIC_NO_PIC = NO;
				GCC_NO_COMMON_BLOCKS = YES;
				GCC_OPTIMIZATION_LEVEL = 0;
				GCC_PREPROCESSOR_DEFINITIONS = (
					"DEBUG=1",
					"$(inherited)",
				);
				GCC_WARN_64_TO_32_BIT_CONVERSION = YES;
				GCC_WARN_ABOUT_RETURN_TYPE = YES_ERROR;
				GCC_WARN_UNDECLARED_SELECTOR = YES;
				GCC_WARN_UNINITIALIZED_AUTOS = YES_AGGRESSIVE;
				GCC_WARN_UNUSED_FUNCTION = YES;
				GCC_WARN_UNUSED_VARIABLE = YES;
				MACOSX_DEPLOYMENT_TARGET = 10.11;
				MTL_ENABLE_DEBUG_INFO = YES;
				ONLY_ACTIVE_ARCH = YES;
				SDKROOT = macosx;
				SWIFT_ACTIVE_COMPILATION_CONDITIONS = DEBUG;
				SWIFT_OPTIMIZATION_LEVEL = "-Onone";
			};
			name = Debug;
		};
		3E057E2D1DB4358700693970 /* Release */ = {
			isa = XCBuildConfiguration;
			buildSettings = {
				ALWAYS_SEARCH_USER_PATHS = NO;
				CLANG_ANALYZER_NONNULL = YES;
				CLANG_CXX_LANGUAGE_STANDARD = "gnu++0x";
				CLANG_CXX_LIBRARY = "libc++";
				CLANG_ENABLE_MODULES = YES;
				CLANG_ENABLE_OBJC_ARC = YES;
				CLANG_WARN_BLOCK_CAPTURE_AUTORELEASING = YES;
				CLANG_WARN_BOOL_CONVERSION = YES;
				CLANG_WARN_COMMA = YES;
				CLANG_WARN_CONSTANT_CONVERSION = YES;
				CLANG_WARN_DIRECT_OBJC_ISA_USAGE = YES_ERROR;
				CLANG_WARN_DOCUMENTATION_COMMENTS = YES;
				CLANG_WARN_EMPTY_BODY = YES;
				CLANG_WARN_ENUM_CONVERSION = YES;
				CLANG_WARN_INFINITE_RECURSION = YES;
				CLANG_WARN_INT_CONVERSION = YES;
				CLANG_WARN_NON_LITERAL_NULL_CONVERSION = YES;
				CLANG_WARN_OBJC_LITERAL_CONVERSION = YES;
				CLANG_WARN_OBJC_ROOT_CLASS = YES_ERROR;
				CLANG_WARN_RANGE_LOOP_ANALYSIS = YES;
				CLANG_WARN_STRICT_PROTOTYPES = YES;
				CLANG_WARN_SUSPICIOUS_MOVE = YES;
				CLANG_WARN_SUSPICIOUS_MOVES = YES;
				CLANG_WARN_UNREACHABLE_CODE = YES;
				CLANG_WARN__DUPLICATE_METHOD_MATCH = YES;
				CODE_SIGN_IDENTITY = "-";
				COPY_PHASE_STRIP = NO;
				DEBUG_INFORMATION_FORMAT = "dwarf-with-dsym";
				ENABLE_NS_ASSERTIONS = NO;
				ENABLE_STRICT_OBJC_MSGSEND = YES;
				GCC_C_LANGUAGE_STANDARD = gnu99;
				GCC_NO_COMMON_BLOCKS = YES;
				GCC_WARN_64_TO_32_BIT_CONVERSION = YES;
				GCC_WARN_ABOUT_RETURN_TYPE = YES_ERROR;
				GCC_WARN_UNDECLARED_SELECTOR = YES;
				GCC_WARN_UNINITIALIZED_AUTOS = YES_AGGRESSIVE;
				GCC_WARN_UNUSED_FUNCTION = YES;
				GCC_WARN_UNUSED_VARIABLE = YES;
				MACOSX_DEPLOYMENT_TARGET = 10.11;
				MTL_ENABLE_DEBUG_INFO = NO;
				SDKROOT = macosx;
				SWIFT_OPTIMIZATION_LEVEL = "-Owholemodule";
			};
			name = Release;
		};
		3E057E2F1DB4358700693970 /* Debug */ = {
			isa = XCBuildConfiguration;
			buildSettings = {
				ASSETCATALOG_COMPILER_APPICON_NAME = AppIcon;
				COMBINE_HIDPI_IMAGES = YES;
				INFOPLIST_FILE = "Memrise-Tool/Info.plist";
				LD_RUNPATH_SEARCH_PATHS = "$(inherited) @executable_path/../Frameworks";
				PRODUCT_BUNDLE_IDENTIFIER = "cprovatas.Memrise-Tool";
				PRODUCT_NAME = "$(TARGET_NAME)";
				SWIFT_SWIFT3_OBJC_INFERENCE = On;
				SWIFT_VERSION = 4.0;
			};
			name = Debug;
		};
		3E057E301DB4358700693970 /* Release */ = {
			isa = XCBuildConfiguration;
			buildSettings = {
				ASSETCATALOG_COMPILER_APPICON_NAME = AppIcon;
				COMBINE_HIDPI_IMAGES = YES;
				INFOPLIST_FILE = "Memrise-Tool/Info.plist";
				LD_RUNPATH_SEARCH_PATHS = "$(inherited) @executable_path/../Frameworks";
				PRODUCT_BUNDLE_IDENTIFIER = "cprovatas.Memrise-Tool";
				PRODUCT_NAME = "$(TARGET_NAME)";
				SWIFT_SWIFT3_OBJC_INFERENCE = On;
				SWIFT_VERSION = 4.0;
			};
			name = Release;
		};
		3E057E321DB4358700693970 /* Debug */ = {
			isa = XCBuildConfiguration;
			buildSettings = {
				ALWAYS_EMBED_SWIFT_STANDARD_LIBRARIES = YES;
				BUNDLE_LOADER = "$(TEST_HOST)";
				COMBINE_HIDPI_IMAGES = YES;
				INFOPLIST_FILE = "Memrise-ToolTests/Info.plist";
				LD_RUNPATH_SEARCH_PATHS = "$(inherited) @executable_path/../Frameworks @loader_path/../Frameworks";
				PRODUCT_BUNDLE_IDENTIFIER = "cprovatas.Memrise-ToolTests";
				PRODUCT_NAME = "$(TARGET_NAME)";
				SWIFT_SWIFT3_OBJC_INFERENCE = On;
				SWIFT_VERSION = 4.0;
				TEST_HOST = "$(BUILT_PRODUCTS_DIR)/Memrise-Tool.app/Contents/MacOS/Memrise-Tool";
			};
			name = Debug;
		};
		3E057E331DB4358700693970 /* Release */ = {
			isa = XCBuildConfiguration;
			buildSettings = {
				ALWAYS_EMBED_SWIFT_STANDARD_LIBRARIES = YES;
				BUNDLE_LOADER = "$(TEST_HOST)";
				COMBINE_HIDPI_IMAGES = YES;
				INFOPLIST_FILE = "Memrise-ToolTests/Info.plist";
				LD_RUNPATH_SEARCH_PATHS = "$(inherited) @executable_path/../Frameworks @loader_path/../Frameworks";
				PRODUCT_BUNDLE_IDENTIFIER = "cprovatas.Memrise-ToolTests";
				PRODUCT_NAME = "$(TARGET_NAME)";
				SWIFT_SWIFT3_OBJC_INFERENCE = On;
				SWIFT_VERSION = 4.0;
				TEST_HOST = "$(BUILT_PRODUCTS_DIR)/Memrise-Tool.app/Contents/MacOS/Memrise-Tool";
			};
			name = Release;
		};
		3E057E351DB4358700693970 /* Debug */ = {
			isa = XCBuildConfiguration;
			buildSettings = {
				ALWAYS_EMBED_SWIFT_STANDARD_LIBRARIES = YES;
				COMBINE_HIDPI_IMAGES = YES;
				INFOPLIST_FILE = "Memrise-ToolUITests/Info.plist";
				LD_RUNPATH_SEARCH_PATHS = "$(inherited) @executable_path/../Frameworks @loader_path/../Frameworks";
				PRODUCT_BUNDLE_IDENTIFIER = "cprovatas.Memrise-ToolUITests";
				PRODUCT_NAME = "$(TARGET_NAME)";
				SWIFT_SWIFT3_OBJC_INFERENCE = On;
				SWIFT_VERSION = 4.0;
				TEST_TARGET_NAME = "Memrise-Tool";
			};
			name = Debug;
		};
		3E057E361DB4358700693970 /* Release */ = {
			isa = XCBuildConfiguration;
			buildSettings = {
				ALWAYS_EMBED_SWIFT_STANDARD_LIBRARIES = YES;
				COMBINE_HIDPI_IMAGES = YES;
				INFOPLIST_FILE = "Memrise-ToolUITests/Info.plist";
				LD_RUNPATH_SEARCH_PATHS = "$(inherited) @executable_path/../Frameworks @loader_path/../Frameworks";
				PRODUCT_BUNDLE_IDENTIFIER = "cprovatas.Memrise-ToolUITests";
				PRODUCT_NAME = "$(TARGET_NAME)";
				SWIFT_SWIFT3_OBJC_INFERENCE = On;
				SWIFT_VERSION = 4.0;
				TEST_TARGET_NAME = "Memrise-Tool";
			};
			name = Release;
		};
/* End XCBuildConfiguration section */

/* Begin XCConfigurationList section */
		3E057E041DB4358700693970 /* Build configuration list for PBXProject "Memrise-Tool" */ = {
			isa = XCConfigurationList;
			buildConfigurations = (
				3E057E2C1DB4358700693970 /* Debug */,
				3E057E2D1DB4358700693970 /* Release */,
			);
			defaultConfigurationIsVisible = 0;
			defaultConfigurationName = Release;
		};
		3E057E2E1DB4358700693970 /* Build configuration list for PBXNativeTarget "Memrise-Tool" */ = {
			isa = XCConfigurationList;
			buildConfigurations = (
				3E057E2F1DB4358700693970 /* Debug */,
				3E057E301DB4358700693970 /* Release */,
			);
			defaultConfigurationIsVisible = 0;
			defaultConfigurationName = Release;
		};
		3E057E311DB4358700693970 /* Build configuration list for PBXNativeTarget "Memrise-ToolTests" */ = {
			isa = XCConfigurationList;
			buildConfigurations = (
				3E057E321DB4358700693970 /* Debug */,
				3E057E331DB4358700693970 /* Release */,
			);
			defaultConfigurationIsVisible = 0;
			defaultConfigurationName = Release;
		};
		3E057E341DB4358700693970 /* Build configuration list for PBXNativeTarget "Memrise-ToolUITests" */ = {
			isa = XCConfigurationList;
			buildConfigurations = (
				3E057E351DB4358700693970 /* Debug */,
				3E057E361DB4358700693970 /* Release */,
			);
			defaultConfigurationIsVisible = 0;
			defaultConfigurationName = Release;
		};
/* End XCConfigurationList section */
	};
	rootObject = 3E057E011DB4358700693970 /* Project object */;
}
